
Microsoft Visual Studio Solution File, Format Version 12.00
# Visual Studio Version 17
VisualStudioVersion = 17.2.32630.192
MinimumVisualStudioVersion = 10.0.40219.1
Project("{8BC9CEB8-8B4A-11D0-8D11-00A0C91BC942}") = "one", "one.vcxproj", "{BD98183E-64E2-47C1-9FAB-4721DF6991FA}"
EndProject
Global
	GlobalSection(SolutionConfigurationPlatforms) = preSolution
		Debug|x64 = Debug|x64
		Debug|x86 = Debug|x86
		Release|x64 = Release|x64
		Release|x86 = Release|x86
	EndGlobalSection
	GlobalSection(ProjectConfigurationPlatforms) = postSolution
		{BD98183E-64E2-47C1-9FAB-4721DF6991FA}.Debug|x64.ActiveCfg = Debug|x64
		{BD98183E-64E2-47C1-9FAB-4721DF6991FA}.Debug|x64.Build.0 = Debug|x64
		{BD98183E-64E2-47C1-9FAB-4721DF6991FA}.Debug|x86.ActiveCfg = Debug|Win32
		{BD98183E-64E2-47C1-9FAB-4721DF6991FA}.Debug|x86.Build.0 = Debug|Win32
		{BD98183E-64E2-47C1-9FAB-4721DF6991FA}.Release|x64.ActiveCfg = Release|x64
		{BD98183E-64E2-47C1-9FAB-4721DF6991FA}.Release|x64.Build.0 = Release|x64
		{BD98183E-64E2-47C1-9FAB-4721DF6991FA}.Release|x86.ActiveCfg = Release|Win32
		{BD98183E-64E2-47C1-9FAB-4721DF6991FA}.Release|x86.Build.0 = Release|Win32
	EndGlobalSection
	GlobalSection(SolutionProperties) = preSolution
		HideSolutionNode = FALSE
	EndGlobalSection
	GlobalSection(ExtensibilityGlobals) = postSolution
		SolutionGuid = {9AE7B5C2-944E-4534-BB11-508C39DF5E2A}
	EndGlobalSection
EndGlobal
