
Microsoft Visual Studio Solution File, Format Version 12.00
# Visual Studio Version 17
VisualStudioVersion = 17.2.32630.192
MinimumVisualStudioVersion = 10.0.40219.1
Project("{8BC9CEB8-8B4A-11D0-8D11-00A0C91BC942}") = "ConsoleApplication2", "ConsoleApplication2.vcxproj", "{A2A96D6F-170C-4696-960E-39A7D205C08E}"
EndProject
Global
	GlobalSection(SolutionConfigurationPlatforms) = preSolution
		Debug|x64 = Debug|x64
		Debug|x86 = Debug|x86
		Release|x64 = Release|x64
		Release|x86 = Release|x86
	EndGlobalSection
	GlobalSection(ProjectConfigurationPlatforms) = postSolution
		{A2A96D6F-170C-4696-960E-39A7D205C08E}.Debug|x64.ActiveCfg = Debug|x64
		{A2A96D6F-170C-4696-960E-39A7D205C08E}.Debug|x64.Build.0 = Debug|x64
		{A2A96D6F-170C-4696-960E-39A7D205C08E}.Debug|x86.ActiveCfg = Debug|Win32
		{A2A96D6F-170C-4696-960E-39A7D205C08E}.Debug|x86.Build.0 = Debug|Win32
		{A2A96D6F-170C-4696-960E-39A7D205C08E}.Release|x64.ActiveCfg = Release|x64
		{A2A96D6F-170C-4696-960E-39A7D205C08E}.Release|x64.Build.0 = Release|x64
		{A2A96D6F-170C-4696-960E-39A7D205C08E}.Release|x86.ActiveCfg = Release|Win32
		{A2A96D6F-170C-4696-960E-39A7D205C08E}.Release|x86.Build.0 = Release|Win32
	EndGlobalSection
	GlobalSection(SolutionProperties) = preSolution
		HideSolutionNode = FALSE
	EndGlobalSection
	GlobalSection(ExtensibilityGlobals) = postSolution
		SolutionGuid = {AE11DB64-A179-4869-BA16-5122F1B72BC6}
	EndGlobalSection
EndGlobal
