
Microsoft Visual Studio Solution File, Format Version 12.00
# Visual Studio Version 16
VisualStudioVersion = 16.0.31702.278
MinimumVisualStudioVersion = 10.0.40219.1
Project("{8BC9CEB8-8B4A-11D0-8D11-00A0C91BC942}") = "类和对象程序题3", "类和对象程序题3.vcxproj", "{86FAD2B4-F10A-4D64-848C-65DD73D21794}"
EndProject
Global
	GlobalSection(SolutionConfigurationPlatforms) = preSolution
		Debug|x64 = Debug|x64
		Debug|x86 = Debug|x86
		Release|x64 = Release|x64
		Release|x86 = Release|x86
	EndGlobalSection
	GlobalSection(ProjectConfigurationPlatforms) = postSolution
		{86FAD2B4-F10A-4D64-848C-65DD73D21794}.Debug|x64.ActiveCfg = Debug|x64
		{86FAD2B4-F10A-4D64-848C-65DD73D21794}.Debug|x64.Build.0 = Debug|x64
		{86FAD2B4-F10A-4D64-848C-65DD73D21794}.Debug|x86.ActiveCfg = Debug|Win32
		{86FAD2B4-F10A-4D64-848C-65DD73D21794}.Debug|x86.Build.0 = Debug|Win32
		{86FAD2B4-F10A-4D64-848C-65DD73D21794}.Release|x64.ActiveCfg = Release|x64
		{86FAD2B4-F10A-4D64-848C-65DD73D21794}.Release|x64.Build.0 = Release|x64
		{86FAD2B4-F10A-4D64-848C-65DD73D21794}.Release|x86.ActiveCfg = Release|Win32
		{86FAD2B4-F10A-4D64-848C-65DD73D21794}.Release|x86.Build.0 = Release|Win32
	EndGlobalSection
	GlobalSection(SolutionProperties) = preSolution
		HideSolutionNode = FALSE
	EndGlobalSection
	GlobalSection(ExtensibilityGlobals) = postSolution
		SolutionGuid = {A4A1E688-C802-4774-AF2C-0B63FB854FED}
	EndGlobalSection
EndGlobal
