
Microsoft Visual Studio Solution File, Format Version 12.00
# Visual Studio Version 17
VisualStudioVersion = 17.5.33627.172
MinimumVisualStudioVersion = 10.0.40219.1
Project("{8BC9CEB8-8B4A-11D0-8D11-00A0C91BC942}") = "动态分区管理", "动态分区管理\动态分区管理.vcxproj", "{6CBA9DA1-C0D4-46EA-88F9-A76EC1021717}"
EndProject
Global
	GlobalSection(SolutionConfigurationPlatforms) = preSolution
		Debug|x64 = Debug|x64
		Debug|x86 = Debug|x86
		Release|x64 = Release|x64
		Release|x86 = Release|x86
	EndGlobalSection
	GlobalSection(ProjectConfigurationPlatforms) = postSolution
		{6CBA9DA1-C0D4-46EA-88F9-A76EC1021717}.Debug|x64.ActiveCfg = Debug|x64
		{6CBA9DA1-C0D4-46EA-88F9-A76EC1021717}.Debug|x64.Build.0 = Debug|x64
		{6CBA9DA1-C0D4-46EA-88F9-A76EC1021717}.Debug|x86.ActiveCfg = Debug|Win32
		{6CBA9DA1-C0D4-46EA-88F9-A76EC1021717}.Debug|x86.Build.0 = Debug|Win32
		{6CBA9DA1-C0D4-46EA-88F9-A76EC1021717}.Release|x64.ActiveCfg = Release|x64
		{6CBA9DA1-C0D4-46EA-88F9-A76EC1021717}.Release|x64.Build.0 = Release|x64
		{6CBA9DA1-C0D4-46EA-88F9-A76EC1021717}.Release|x86.ActiveCfg = Release|Win32
		{6CBA9DA1-C0D4-46EA-88F9-A76EC1021717}.Release|x86.Build.0 = Release|Win32
	EndGlobalSection
	GlobalSection(SolutionProperties) = preSolution
		HideSolutionNode = FALSE
	EndGlobalSection
	GlobalSection(ExtensibilityGlobals) = postSolution
		SolutionGuid = {9603A404-1E10-46B7-AFD3-60C8BD449A8A}
	EndGlobalSection
EndGlobal
